Microsoft Visual Studio Solution File, Format Version 12.00
# Visual Studio Version 17
VisualStudioVersion = 17.0.31903.59
MinimumVisualStudioVersion = 10.0.40219.1
Project("{FAE04EC0-301F-11D3-BF4B-00C04F79EFBC}") = "LoeBalance.Core", "src\LoeBalance.Core\LoeBalance.Core.csproj", "{8A5D52A1-5C5C-4F87-A1A4-700A4A1EA101}"
EndProject
Project("{FAE04EC0-301F-11D3-BF4B-00C04F79EFBC}") = "LoeBalance.Platform.Windows", "src\LoeBalance.Platform.Windows\LoeBalance.Platform.Windows.csproj", "{8A5D52A1-5C5C-4F87-A1A4-700A4A1EA102}"
EndProject
Project("{60DC8134-9BBA-48B7-8B9F-5F6F8E3A1B4B}") = "LoeBalance.Desktop.Wpf", "src\LoeBalance.Desktop.Wpf\LoeBalance.Desktop.Wpf.csproj", "{8A5D52A1-5C5C-4F87-A1A4-700A4A1EA103}"
EndProject
Project("{FAE04EC0-301F-11D3-BF4B-00C04F79EFBC}") = "LoeBalance.Core.Tests", "tests\LoeBalance.Core.Tests\LoeBalance.Core.Tests.csproj", "{8A5D52A1-5C5C-4F87-A1A4-700A4A1EA104}"
EndProject
Project("{2150E333-8FDC-42A3-9474-1A3956D46DE8}") = "tests", "tests", "{37AEA0FD-831D-48A4-AE08-2DA8DC3FCFCC}"
EndProject
Project("{FAE04EC0-301F-11D3-BF4B-00C04F79EFBC}") = "LoeBalance.Platform.Windows.Tests", "tests\LoeBalance.Platform.Windows.Tests\LoeBalance.Platform.Windows.Tests.csproj", "{7A766EEF-19F2-4412-A9BD-4188E44FB77A}"
EndProject
Global
	GlobalSection(SolutionConfigurationPlatforms) = preSolution
		Debug|Any CPU = Debug|Any CPU
		Release|Any CPU = Release|Any CPU
	EndGlobalSection
	GlobalSection(ProjectConfigurationPlatforms) = postSolution
		{8A5D52A1-5C5C-4F87-A1A4-700A4A1EA101}.Debug|Any CPU.ActiveCfg = Debug|Any CPU
		{8A5D52A1-5C5C-4F87-A1A4-700A4A1EA101}.Debug|Any CPU.Build.0 = Debug|Any CPU
		{8A5D52A1-5C5C-4F87-A1A4-700A4A1EA101}.Release|Any CPU.ActiveCfg = Release|Any CPU
		{8A5D52A1-5C5C-4F87-A1A4-700A4A1EA101}.Release|Any CPU.Build.0 = Release|Any CPU
		{8A5D52A1-5C5C-4F87-A1A4-700A4A1EA102}.Debug|Any CPU.ActiveCfg = Debug|Any CPU
		{8A5D52A1-5C5C-4F87-A1A4-700A4A1EA102}.Debug|Any CPU.Build.0 = Debug|Any CPU
		{8A5D52A1-5C5C-4F87-A1A4-700A4A1EA102}.Release|Any CPU.ActiveCfg = Release|Any CPU
		{8A5D52A1-5C5C-4F87-A1A4-700A4A1EA102}.Release|Any CPU.Build.0 = Release|Any CPU
		{8A5D52A1-5C5C-4F87-A1A4-700A4A1EA103}.Debug|Any CPU.ActiveCfg = Debug|Any CPU
		{8A5D52A1-5C5C-4F87-A1A4-700A4A1EA103}.Debug|Any CPU.Build.0 = Debug|Any CPU
		{8A5D52A1-5C5C-4F87-A1A4-700A4A1EA103}.Release|Any CPU.ActiveCfg = Release|Any CPU
		{8A5D52A1-5C5C-4F87-A1A4-700A4A1EA103}.Release|Any CPU.Build.0 = Release|Any CPU
		{8A5D52A1-5C5C-4F87-A1A4-700A4A1EA104}.Debug|Any CPU.ActiveCfg = Debug|Any CPU
		{8A5D52A1-5C5C-4F87-A1A4-700A4A1EA104}.Debug|Any CPU.Build.0 = Debug|Any CPU
		{8A5D52A1-5C5C-4F87-A1A4-700A4A1EA104}.Release|Any CPU.ActiveCfg = Release|Any CPU
		{8A5D52A1-5C5C-4F87-A1A4-700A4A1EA104}.Release|Any CPU.Build.0 = Release|Any CPU
		{7A766EEF-19F2-4412-A9BD-4188E44FB77A}.Debug|Any CPU.ActiveCfg = Debug|Any CPU
		{7A766EEF-19F2-4412-A9BD-4188E44FB77A}.Debug|Any CPU.Build.0 = Debug|Any CPU
		{7A766EEF-19F2-4412-A9BD-4188E44FB77A}.Release|Any CPU.ActiveCfg = Release|Any CPU
		{7A766EEF-19F2-4412-A9BD-4188E44FB77A}.Release|Any CPU.Build.0 = Release|Any CPU
	EndGlobalSection
	GlobalSection(SolutionProperties) = preSolution
		HideSolutionNode = FALSE
	EndGlobalSection
	GlobalSection(NestedProjects) = preSolution
		{7A766EEF-19F2-4412-A9BD-4188E44FB77A} = {37AEA0FD-831D-48A4-AE08-2DA8DC3FCFCC}
	EndGlobalSection
EndGlobal
